// !$*UTF8*$!
{
	archiveVersion = 1;
	classes = {
	};
	objectVersion = 46;
	objects = {

/* Begin PBXBuildFile section */
		70525701D8C69A9B81700272 /* Pods_LocationTrackingTests.framework in Frameworks */ = {isa = PBXBuildFile; fileRef = B7185C6C5163081A23919CE6 /* Pods_LocationTrackingTests.framework */; };
		94D6DA210EAC87D80D12F381 /* Pods_LocationTracking.framework in Frameworks */ = {isa = PBXBuildFile; fileRef = D8A24FFE5C7E341489906074 /* Pods_LocationTracking.framework */; };
		AC280A721F6D813700C15C2A /* AppDelegate.swift in Sources */ = {isa = PBXBuildFile; fileRef = AC280A711F6D813700C15C2A /* AppDelegate.swift */; };
		AC280A741F6D813700C15C2A /* ViewController.swift in Sources */ = {isa = PBXBuildFile; fileRef = AC280A731F6D813700C15C2A /* ViewController.swift */; };
		AC280A771F6D813700C15C2A /* Main.storyboard in Resources */ = {isa = PBXBuildFile; fileRef = AC280A751F6D813700C15C2A /* Main.storyboard */; };
		AC280A7A1F6D813700C15C2A /* LocationTracking.xcdatamodeld in Sources */ = {isa = PBXBuildFile; fileRef = AC280A781F6D813700C15C2A /* LocationTracking.xcdatamodeld */; };
		AC280A7C1F6D813700C15C2A /* Assets.xcassets in Resources */ = {isa = PBXBuildFile; fileRef = AC280A7B1F6D813700C15C2A /* Assets.xcassets */; };
		AC280A7F1F6D813700C15C2A /* LaunchScreen.storyboard in Resources */ = {isa = PBXBuildFile; fileRef = AC280A7D1F6D813700C15C2A /* LaunchScreen.storyboard */; };
		AC280A8A1F6D813800C15C2A /* LocationTrackingTests.swift in Sources */ = {isa = PBXBuildFile; fileRef = AC280A891F6D813800C15C2A /* LocationTrackingTests.swift */; };
		AC280A951F6D813800C15C2A /* LocationTrackingUITests.swift in Sources */ = {isa = PBXBuildFile; fileRef = AC280A941F6D813800C15C2A /* LocationTrackingUITests.swift */; };
		AC280AA31F6D82A100C15C2A /* GoogleService-Info.plist in Resources */ = {isa = PBXBuildFile; fileRef = AC280AA21F6D82A100C15C2A /* GoogleService-Info.plist */; };
		C14BB098E40F42E3228FBF9F /* Pods_LocationTrackingUITests.framework in Frameworks */ = {isa = PBXBuildFile; fileRef = 25873688ECA628F6A9B7C978 /* Pods_LocationTrackingUITests.framework */; };
/* End PBXBuildFile section */

/* Begin PBXContainerItemProxy section */
		AC280A861F6D813800C15C2A /* PBXContainerItemProxy */ = {
			isa = PBXContainerItemProxy;
			containerPortal = AC280A661F6D813700C15C2A /* Project object */;
			proxyType = 1;
			remoteGlobalIDString = AC280A6D1F6D813700C15C2A;
			remoteInfo = LocationTracking;
		};
		AC280A911F6D813800C15C2A /* PBXContainerItemProxy */ = {
			isa = PBXContainerItemProxy;
			containerPortal = AC280A661F6D813700C15C2A /* Project object */;
			proxyType = 1;
			remoteGlobalIDString = AC280A6D1F6D813700C15C2A;
			remoteInfo = LocationTracking;
		};
/* End PBXContainerItemProxy section */

/* Begin PBXFileReference section */
		161BDB1FD64AA7624096BDA1 /* Pods-LocationTracking.debug.xcconfig */ = {isa = PBXFileReference; includeInIndex = 1; lastKnownFileType = text.xcconfig; name = "Pods-LocationTracking.debug.xcconfig"; path = "Pods/Target Support Files/Pods-LocationTracking/Pods-LocationTracking.debug.xcconfig"; sourceTree = "<group>"; };
		25873688ECA628F6A9B7C978 /* Pods_LocationTrackingUITests.framework */ = {isa = PBXFileReference; explicitFileType = wrapper.framework; includeInIndex = 0; path = Pods_LocationTrackingUITests.framework; sourceTree = BUILT_PRODUCTS_DIR; };
		3820E9DC64D186DAA7428282 /* Pods-LocationTrackingTests.release.xcconfig */ = {isa = PBXFileReference; includeInIndex = 1; lastKnownFileType = text.xcconfig; name = "Pods-LocationTrackingTests.release.xcconfig"; path = "Pods/Target Support Files/Pods-LocationTrackingTests/Pods-LocationTrackingTests.release.xcconfig"; sourceTree = "<group>"; };
		648040F6759DB7A500C3CA6F /* Pods-LocationTrackingUITests.release.xcconfig */ = {isa = PBXFileReference; includeInIndex = 1; lastKnownFileType = text.xcconfig; name = "Pods-LocationTrackingUITests.release.xcconfig"; path = "Pods/Target Support Files/Pods-LocationTrackingUITests/Pods-LocationTrackingUITests.release.xcconfig"; sourceTree = "<group>"; };
		87948219C353653027B5B635 /* Pods-LocationTrackingTests.debug.xcconfig */ = {isa = PBXFileReference; includeInIndex = 1; lastKnownFileType = text.xcconfig; name = "Pods-LocationTrackingTests.debug.xcconfig"; path = "Pods/Target Support Files/Pods-LocationTrackingTests/Pods-LocationTrackingTests.debug.xcconfig"; sourceTree = "<group>"; };
		AC280A6E1F6D813700C15C2A /* LocationTracking.app */ = {isa = PBXFileReference; explicitFileType = wrapper.application; includeInIndex = 0; path = LocationTracking.app; sourceTree = BUILT_PRODUCTS_DIR; };
		AC280A711F6D813700C15C2A /* AppDelegate.swift */ = {isa = PBXFileReference; lastKnownFileType = sourcecode.swift; path = AppDelegate.swift; sourceTree = "<group>"; };
		AC280A731F6D813700C15C2A /* ViewController.swift */ = {isa = PBXFileReference; lastKnownFileType = sourcecode.swift; path = ViewController.swift; sourceTree = "<group>"; };
		AC280A761F6D813700C15C2A /* Base */ = {isa = PBXFileReference; lastKnownFileType = file.storyboard; name = Base; path = Base.lproj/Main.storyboard; sourceTree = "<group>"; };
		AC280A791F6D813700C15C2A /* LocationTracking.xcdatamodel */ = {isa = PBXFileReference; lastKnownFileType = wrapper.xcdatamodel; path = LocationTracking.xcdatamodel; sourceTree = "<group>"; };
		AC280A7B1F6D813700C15C2A /* Assets.xcassets */ = {isa = PBXFileReference; lastKnownFileType = folder.assetcatalog; path = Assets.xcassets; sourceTree = "<group>"; };
		AC280A7E1F6D813700C15C2A /* Base */ = {isa = PBXFileReference; lastKnownFileType = file.storyboard; name = Base; path = Base.lproj/LaunchScreen.storyboard; sourceTree = "<group>"; };
		AC280A801F6D813700C15C2A /* Info.plist */ = {isa = PBXFileReference; lastKnownFileType = text.plist.xml; path = Info.plist; sourceTree = "<group>"; };
		AC280A851F6D813800C15C2A /* LocationTrackingTests.xctest */ = {isa = PBXFileReference; explicitFileType = wrapper.cfbundle; includeInIndex = 0; path = LocationTrackingTests.xctest; sourceTree = BUILT_PRODUCTS_DIR; };
		AC280A891F6D813800C15C2A /* LocationTrackingTests.swift */ = {isa = PBXFileReference; lastKnownFileType = sourcecode.swift; path = LocationTrackingTests.swift; sourceTree = "<group>"; };
		AC280A8B1F6D813800C15C2A /* Info.plist */ = {isa = PBXFileReference; lastKnownFileType = text.plist.xml; path = Info.plist; sourceTree = "<group>"; };
		AC280A901F6D813800C15C2A /* LocationTrackingUITests.xctest */ = {isa = PBXFileReference; explicitFileType = wrapper.cfbundle; includeInIndex = 0; path = LocationTrackingUITests.xctest; sourceTree = BUILT_PRODUCTS_DIR; };
		AC280A941F6D813800C15C2A /* LocationTrackingUITests.swift */ = {isa = PBXFileReference; lastKnownFileType = sourcecode.swift; path = LocationTrackingUITests.swift; sourceTree = "<group>"; };
		AC280A961F6D813800C15C2A /* Info.plist */ = {isa = PBXFileReference; lastKnownFileType = text.plist.xml; path = Info.plist; sourceTree = "<group>"; };
		AC280AA21F6D82A100C15C2A /* GoogleService-Info.plist */ = {isa = PBXFileReference; fileEncoding = 4; lastKnownFileType = text.plist.xml; path = "GoogleService-Info.plist"; sourceTree = "<group>"; };
		B7185C6C5163081A23919CE6 /* Pods_LocationTrackingTests.framework */ = {isa = PBXFileReference; explicitFileType = wrapper.framework; includeInIndex = 0; path = Pods_LocationTrackingTests.framework; sourceTree = BUILT_PRODUCTS_DIR; };
		D8A24FFE5C7E341489906074 /* Pods_LocationTracking.framework */ = {isa = PBXFileReference; explicitFileType = wrapper.framework; includeInIndex = 0; path = Pods_LocationTracking.framework; sourceTree = BUILT_PRODUCTS_DIR; };
		D9C42D75B8F3292BC7E85C2B /* Pods-LocationTrackingUITests.debug.xcconfig */ = {isa = PBXFileReference; includeInIndex = 1; lastKnownFileType = text.xcconfig; name = "Pods-LocationTrackingUITests.debug.xcconfig"; path = "Pods/Target Support Files/Pods-LocationTrackingUITests/Pods-LocationTrackingUITests.debug.xcconfig"; sourceTree = "<group>"; };
		FD304EA5A411E0806B4308DA /* Pods-LocationTracking.release.xcconfig */ = {isa = PBXFileReference; includeInIndex = 1; lastKnownFileType = text.xcconfig; name = "Pods-LocationTracking.release.xcconfig"; path = "Pods/Target Support Files/Pods-LocationTracking/Pods-LocationTracking.release.xcconfig"; sourceTree = "<group>"; };
/* End PBXFileReference section */

/* Begin PBXFrameworksBuildPhase section */
		AC280A6B1F6D813700C15C2A /* Frameworks */ = {
			isa = PBXFrameworksBuildPhase;
			buildActionMask = 2147483647;
			files = (
				94D6DA210EAC87D80D12F381 /* Pods_LocationTracking.framework in Frameworks */,
			);
			runOnlyForDeploymentPostprocessing = 0;
		};
		AC280A821F6D813800C15C2A /* Frameworks */ = {
			isa = PBXFrameworksBuildPhase;
			buildActionMask = 2147483647;
			files = (
				70525701D8C69A9B81700272 /* Pods_LocationTrackingTests.framework in Frameworks */,
			);
			runOnlyForDeploymentPostprocessing = 0;
		};
		AC280A8D1F6D813800C15C2A /* Frameworks */ = {
			isa = PBXFrameworksBuildPhase;
			buildActionMask = 2147483647;
			files = (
				C14BB098E40F42E3228FBF9F /* Pods_LocationTrackingUITests.framework in Frameworks */,
			);
			runOnlyForDeploymentPostprocessing = 0;
		};
/* End PBXFrameworksBuildPhase section */

/* Begin PBXGroup section */
		5A1533F6F8DFEB1B87E59916 /* Frameworks */ = {
			isa = PBXGroup;
			children = (
				D8A24FFE5C7E341489906074 /* Pods_LocationTracking.framework */,
				B7185C6C5163081A23919CE6 /* Pods_LocationTrackingTests.framework */,
				25873688ECA628F6A9B7C978 /* Pods_LocationTrackingUITests.framework */,
			);
			name = Frameworks;
			sourceTree = "<group>";
		};
		871D0FD41FC37CC6BA89395F /* Pods */ = {
			isa = PBXGroup;
			children = (
				161BDB1FD64AA7624096BDA1 /* Pods-LocationTracking.debug.xcconfig */,
				FD304EA5A411E0806B4308DA /* Pods-LocationTracking.release.xcconfig */,
				87948219C353653027B5B635 /* Pods-LocationTrackingTests.debug.xcconfig */,
				3820E9DC64D186DAA7428282 /* Pods-LocationTrackingTests.release.xcconfig */,
				D9C42D75B8F3292BC7E85C2B /* Pods-LocationTrackingUITests.debug.xcconfig */,
				648040F6759DB7A500C3CA6F /* Pods-LocationTrackingUITests.release.xcconfig */,
			);
			name = Pods;
			sourceTree = "<group>";
		};
		AC280A651F6D813700C15C2A = {
			isa = PBXGroup;
			children = (
				AC280A701F6D813700C15C2A /* LocationTracking */,
				AC280A881F6D813800C15C2A /* LocationTrackingTests */,
				AC280A931F6D813800C15C2A /* LocationTrackingUITests */,
				AC280A6F1F6D813700C15C2A /* Products */,
				871D0FD41FC37CC6BA89395F /* Pods */,
				5A1533F6F8DFEB1B87E59916 /* Frameworks */,
			);
			sourceTree = "<group>";
		};
		AC280A6F1F6D813700C15C2A /* Products */ = {
			isa = PBXGroup;
			children = (
				AC280A6E1F6D813700C15C2A /* LocationTracking.app */,
				AC280A851F6D813800C15C2A /* LocationTrackingTests.xctest */,
				AC280A901F6D813800C15C2A /* LocationTrackingUITests.xctest */,
			);
			name = Products;
			sourceTree = "<group>";
		};
		AC280A701F6D813700C15C2A /* LocationTracking */ = {
			isa = PBXGroup;
			children = (
				AC280AA21F6D82A100C15C2A /* GoogleService-Info.plist */,
				AC280A711F6D813700C15C2A /* AppDelegate.swift */,
				AC280A731F6D813700C15C2A /* ViewController.swift */,
				AC280A751F6D813700C15C2A /* Main.storyboard */,
				AC280A7B1F6D813700C15C2A /* Assets.xcassets */,
				AC280A7D1F6D813700C15C2A /* LaunchScreen.storyboard */,
				AC280A801F6D813700C15C2A /* Info.plist */,
				AC280A781F6D813700C15C2A /* LocationTracking.xcdatamodeld */,
			);
			path = LocationTracking;
			sourceTree = "<group>";
		};
		AC280A881F6D813800C15C2A /* LocationTrackingTests */ = {
			isa = PBXGroup;
			children = (
				AC280A891F6D813800C15C2A /* LocationTrackingTests.swift */,
				AC280A8B1F6D813800C15C2A /* Info.plist */,
			);
			path = LocationTrackingTests;
			sourceTree = "<group>";
		};
		AC280A931F6D813800C15C2A /* LocationTrackingUITests */ = {
			isa = PBXGroup;
			children = (
				AC280A941F6D813800C15C2A /* LocationTrackingUITests.swift */,
				AC280A961F6D813800C15C2A /* Info.plist */,
			);
			path = LocationTrackingUITests;
			sourceTree = "<group>";
		};
/* End PBXGroup section */

/* Begin PBXNativeTarget section */
		AC280A6D1F6D813700C15C2A /* LocationTracking */ = {
			isa = PBXNativeTarget;
			buildConfigurationList = AC280A991F6D813800C15C2A /* Build configuration list for PBXNativeTarget "LocationTracking" */;
			buildPhases = (
				BCA9C093BC9A24F8F1AE2866 /* [CP] Check Pods Manifest.lock */,
				AC280A6A1F6D813700C15C2A /* Sources */,
				AC280A6B1F6D813700C15C2A /* Frameworks */,
				AC280A6C1F6D813700C15C2A /* Resources */,
				A083C2422C7E04BD15F88F29 /* [CP] Embed Pods Frameworks */,
				B746A4330B074610F0D10EB7 /* [CP] Copy Pods Resources */,
			);
			buildRules = (
			);
			dependencies = (
			);
			name = LocationTracking;
			productName = LocationTracking;
			productReference = AC280A6E1F6D813700C15C2A /* LocationTracking.app */;
			productType = "com.apple.product-type.application";
		};
		AC280A841F6D813800C15C2A /* LocationTrackingTests */ = {
			isa = PBXNativeTarget;
			buildConfigurationList = AC280A9C1F6D813800C15C2A /* Build configuration list for PBXNativeTarget "LocationTrackingTests" */;
			buildPhases = (
				32F61E9DA0A043F248F7EA4A /* [CP] Check Pods Manifest.lock */,
				AC280A811F6D813800C15C2A /* Sources */,
				AC280A821F6D813800C15C2A /* Frameworks */,
				AC280A831F6D813800C15C2A /* Resources */,
				CD8058BB5B9A4B74F765B19D /* [CP] Embed Pods Frameworks */,
				4485EA6AC8AA9A078C4C5600 /* [CP] Copy Pods Resources */,
			);
			buildRules = (
			);
			dependencies = (
				AC280A871F6D813800C15C2A /* PBXTargetDependency */,
			);
			name = LocationTrackingTests;
			productName = LocationTrackingTests;
			productReference = AC280A851F6D813800C15C2A /* LocationTrackingTests.xctest */;
			productType = "com.apple.product-type.bundle.unit-test";
		};
		AC280A8F1F6D813800C15C2A /* LocationTrackingUITests */ = {
			isa = PBXNativeTarget;
			buildConfigurationList = AC280A9F1F6D813800C15C2A /* Build configuration list for PBXNativeTarget "LocationTrackingUITests" */;
			buildPhases = (
				290DD473AEAD888FF1FED9B0 /* [CP] Check Pods Manifest.lock */,
				AC280A8C1F6D813800C15C2A /* Sources */,
				AC280A8D1F6D813800C15C2A /* Frameworks */,
				AC280A8E1F6D813800C15C2A /* Resources */,
				F88BE46548214C0F537FB73F /* [CP] Embed Pods Frameworks */,
				B96EE94007E728897482DC7A /* [CP] Copy Pods Resources */,
			);
			buildRules = (
			);
			dependencies = (
				AC280A921F6D813800C15C2A /* PBXTargetDependency */,
			);
			name = LocationTrackingUITests;
			productName = LocationTrackingUITests;
			productReference = AC280A901F6D813800C15C2A /* LocationTrackingUITests.xctest */;
			productType = "com.apple.product-type.bundle.ui-testing";
		};
/* End PBXNativeTarget section */

/* Begin PBXProject section */
		AC280A661F6D813700C15C2A /* Project object */ = {
			isa = PBXProject;
			attributes = {
				LastSwiftUpdateCheck = 0830;
				LastUpgradeCheck = 0830;
				ORGANIZATIONNAME = "Srinivas Rowdur";
				TargetAttributes = {
					AC280A6D1F6D813700C15C2A = {
						CreatedOnToolsVersion = 8.3.3;
						DevelopmentTeam = 8C4V5Y6W3A;
						ProvisioningStyle = Automatic;
					};
					AC280A841F6D813800C15C2A = {
						CreatedOnToolsVersion = 8.3.3;
						DevelopmentTeam = 8C4V5Y6W3A;
						ProvisioningStyle = Automatic;
						TestTargetID = AC280A6D1F6D813700C15C2A;
					};
					AC280A8F1F6D813800C15C2A = {
						CreatedOnToolsVersion = 8.3.3;
						DevelopmentTeam = 8C4V5Y6W3A;
						ProvisioningStyle = Automatic;
						TestTargetID = AC280A6D1F6D813700C15C2A;
					};
				};
			};
			buildConfigurationList = AC280A691F6D813700C15C2A /* Build configuration list for PBXProject "LocationTracking" */;
			compatibilityVersion = "Xcode 3.2";
			developmentRegion = English;
			hasScannedForEncodings = 0;
			knownRegions = (
				en,
				Base,
			);
			mainGroup = AC280A651F6D813700C15C2A;
			productRefGroup = AC280A6F1F6D813700C15C2A /* Products */;
			projectDirPath = "";
			projectRoot = "";
			targets = (
				AC280A6D1F6D813700C15C2A /* LocationTracking */,
				AC280A841F6D813800C15C2A /* LocationTrackingTests */,
				AC280A8F1F6D813800C15C2A /* LocationTrackingUITests */,
			);
		};
/* End PBXProject section */

/* Begin PBXResourcesBuildPhase section */
		AC280A6C1F6D813700C15C2A /* Resources */ = {
			isa = PBXResourcesBuildPhase;
			buildActionMask = 2147483647;
			files = (
				AC280A7F1F6D813700C15C2A /* LaunchScreen.storyboard in Resources */,
				AC280AA31F6D82A100C15C2A /* GoogleService-Info.plist in Resources */,
				AC280A7C1F6D813700C15C2A /* Assets.xcassets in Resources */,
				AC280A771F6D813700C15C2A /* Main.storyboard in Resources */,
			);
			runOnlyForDeploymentPostprocessing = 0;
		};
		AC280A831F6D813800C15C2A /* Resources */ = {
			isa = PBXResourcesBuildPhase;
			buildActionMask = 2147483647;
			files = (
			);
			runOnlyForDeploymentPostprocessing = 0;
		};
		AC280A8E1F6D813800C15C2A /* Resources */ = {
			isa = PBXResourcesBuildPhase;
			buildActionMask = 2147483647;
			files = (
			);
			runOnlyForDeploymentPostprocessing = 0;
		};
/* End PBXResourcesBuildPhase section */

/* Begin PBXShellScriptBuildPhase section */
		290DD473AEAD888FF1FED9B0 /* [CP] Check Pods Manifest.lock */ = {
			isa = PBXShellScriptBuildPhase;
			buildActionMask = 2147483647;
			files = (
			);
			inputPaths = (
				"${PODS_PODFILE_DIR_PATH}/Podfile.lock",
				"${PODS_ROOT}/Manifest.lock",
			);
			name = "[CP] Check Pods Manifest.lock";
			outputPaths = (
				"$(DERIVED_FILE_DIR)/Pods-LocationTrackingUITests-checkManifestLockResult.txt",
			);
			runOnlyForDeploymentPostprocessing = 0;
			shellPath = /bin/sh;
			shellScript = "diff \"${PODS_PODFILE_DIR_PATH}/Podfile.lock\" \"${PODS_ROOT}/Manifest.lock\" > /dev/null\nif [ $? != 0 ] ; then\n    # print error to STDERR\n    echo \"error: The sandbox is not in sync with the Podfile.lock. Run 'pod install' or update your CocoaPods installation.\" >&2\n    exit 1\nfi\n# This output is used by Xcode 'outputs' to avoid re-running this script phase.\necho \"SUCCESS\" > \"${SCRIPT_OUTPUT_FILE_0}\"\n";
			showEnvVarsInLog = 0;
		};
		32F61E9DA0A043F248F7EA4A /* [CP] Check Pods Manifest.lock */ = {
			isa = PBXShellScriptBuildPhase;
			buildActionMask = 2147483647;
			files = (
			);
			inputPaths = (
				"${PODS_PODFILE_DIR_PATH}/Podfile.lock",
				"${PODS_ROOT}/Manifest.lock",
			);
			name = "[CP] Check Pods Manifest.lock";
			outputPaths = (
				"$(DERIVED_FILE_DIR)/Pods-LocationTrackingTests-checkManifestLockResult.txt",
			);
			runOnlyForDeploymentPostprocessing = 0;
			shellPath = /bin/sh;
			shellScript = "diff \"${PODS_PODFILE_DIR_PATH}/Podfile.lock\" \"${PODS_ROOT}/Manifest.lock\" > /dev/null\nif [ $? != 0 ] ; then\n    # print error to STDERR\n    echo \"error: The sandbox is not in sync with the Podfile.lock. Run 'pod install' or update your CocoaPods installation.\" >&2\n    exit 1\nfi\n# This output is used by Xcode 'outputs' to avoid re-running this script phase.\necho \"SUCCESS\" > \"${SCRIPT_OUTPUT_FILE_0}\"\n";
			showEnvVarsInLog = 0;
		};
		4485EA6AC8AA9A078C4C5600 /* [CP] Copy Pods Resources */ = {
			isa = PBXShellScriptBuildPhase;
			buildActionMask = 2147483647;
			files = (
			);
			inputPaths = (
			);
			name = "[CP] Copy Pods Resources";
			outputPaths = (
			);
			runOnlyForDeploymentPostprocessing = 0;
			shellPath = /bin/sh;
			shellScript = "\"${SRCROOT}/Pods/Target Support Files/Pods-LocationTrackingTests/Pods-LocationTrackingTests-resources.sh\"\n";
			showEnvVarsInLog = 0;
		};
		A083C2422C7E04BD15F88F29 /* [CP] Embed Pods Frameworks */ = {
			isa = PBXShellScriptBuildPhase;
			buildActionMask = 2147483647;
			files = (
			);
			inputPaths = (
				"${SRCROOT}/Pods/Target Support Files/Pods-LocationTracking/Pods-LocationTracking-frameworks.sh",
				"${BUILT_PRODUCTS_DIR}/GoogleToolboxForMac/GoogleToolboxForMac.framework",
				"${BUILT_PRODUCTS_DIR}/nanopb/nanopb.framework",
			);
			name = "[CP] Embed Pods Frameworks";
			outputPaths = (
				"${TARGET_BUILD_DIR}/${FRAMEWORKS_FOLDER_PATH}/GoogleToolboxForMac.framework",
				"${TARGET_BUILD_DIR}/${FRAMEWORKS_FOLDER_PATH}/nanopb.framework",
			);
			runOnlyForDeploymentPostprocessing = 0;
			shellPath = /bin/sh;
			shellScript = "\"${SRCROOT}/Pods/Target Support Files/Pods-LocationTracking/Pods-LocationTracking-frameworks.sh\"\n";
			showEnvVarsInLog = 0;
		};
		B746A4330B074610F0D10EB7 /* [CP] Copy Pods Resources */ = {
			isa = PBXShellScriptBuildPhase;
			buildActionMask = 2147483647;
			files = (
			);
			inputPaths = (
			);
			name = "[CP] Copy Pods Resources";
			outputPaths = (
			);
			runOnlyForDeploymentPostprocessing = 0;
			shellPath = /bin/sh;
			shellScript = "\"${SRCROOT}/Pods/Target Support Files/Pods-LocationTracking/Pods-LocationTracking-resources.sh\"\n";
			showEnvVarsInLog = 0;
		};
		B96EE94007E728897482DC7A /* [CP] Copy Pods Resources */ = {
			isa = PBXShellScriptBuildPhase;
			buildActionMask = 2147483647;
			files = (
			);
			inputPaths = (
			);
			name = "[CP] Copy Pods Resources";
			outputPaths = (
			);
			runOnlyForDeploymentPostprocessing = 0;
			shellPath = /bin/sh;
			shellScript = "\"${SRCROOT}/Pods/Target Support Files/Pods-LocationTrackingUITests/Pods-LocationTrackingUITests-resources.sh\"\n";
			showEnvVarsInLog = 0;
		};
		BCA9C093BC9A24F8F1AE2866 /* [CP] Check Pods Manifest.lock */ = {
			isa = PBXShellScriptBuildPhase;
			buildActionMask = 2147483647;
			files = (
			);
			inputPaths = (
				"${PODS_PODFILE_DIR_PATH}/Podfile.lock",
				"${PODS_ROOT}/Manifest.lock",
			);
			name = "[CP] Check Pods Manifest.lock";
			outputPaths = (
				"$(DERIVED_FILE_DIR)/Pods-LocationTracking-checkManifestLockResult.txt",
			);
			runOnlyForDeploymentPostprocessing = 0;
			shellPath = /bin/sh;
			shellScript = "diff \"${PODS_PODFILE_DIR_PATH}/Podfile.lock\" \"${PODS_ROOT}/Manifest.lock\" > /dev/null\nif [ $? != 0 ] ; then\n    # print error to STDERR\n    echo \"error: The sandbox is not in sync with the Podfile.lock. Run 'pod install' or update your CocoaPods installation.\" >&2\n    exit 1\nfi\n# This output is used by Xcode 'outputs' to avoid re-running this script phase.\necho \"SUCCESS\" > \"${SCRIPT_OUTPUT_FILE_0}\"\n";
			showEnvVarsInLog = 0;
		};
		CD8058BB5B9A4B74F765B19D /* [CP] Embed Pods Frameworks */ = {
			isa = PBXShellScriptBuildPhase;
			buildActionMask = 2147483647;
			files = (
			);
			inputPaths = (
			);
			name = "[CP] Embed Pods Frameworks";
			outputPaths = (
			);
			runOnlyForDeploymentPostprocessing = 0;
			shellPath = /bin/sh;
			shellScript = "\"${SRCROOT}/Pods/Target Support Files/Pods-LocationTrackingTests/Pods-LocationTrackingTests-frameworks.sh\"\n";
			showEnvVarsInLog = 0;
		};
		F88BE46548214C0F537FB73F /* [CP] Embed Pods Frameworks */ = {
			isa = PBXShellScriptBuildPhase;
			buildActionMask = 2147483647;
			files = (
			);
			inputPaths = (
			);
			name = "[CP] Embed Pods Frameworks";
			outputPaths = (
			);
			runOnlyForDeploymentPostprocessing = 0;
			shellPath = /bin/sh;
			shellScript = "\"${SRCROOT}/Pods/Target Support Files/Pods-LocationTrackingUITests/Pods-LocationTrackingUITests-frameworks.sh\"\n";
			showEnvVarsInLog = 0;
		};
/* End PBXShellScriptBuildPhase section */

/* Begin PBXSourcesBuildPhase section */
		AC280A6A1F6D813700C15C2A /* Sources */ = {
			isa = PBXSourcesBuildPhase;
			buildActionMask = 2147483647;
			files = (
				AC280A7A1F6D813700C15C2A /* LocationTracking.xcdatamodeld in Sources */,
				AC280A741F6D813700C15C2A /* ViewController.swift in Sources */,
				AC280A721F6D813700C15C2A /* AppDelegate.swift in Sources */,
			);
			runOnlyForDeploymentPostprocessing = 0;
		};
		AC280A811F6D813800C15C2A /* Sources */ = {
			isa = PBXSourcesBuildPhase;
			buildActionMask = 2147483647;
			files = (
				AC280A8A1F6D813800C15C2A /* LocationTrackingTests.swift in Sources */,
			);
			runOnlyForDeploymentPostprocessing = 0;
		};
		AC280A8C1F6D813800C15C2A /* Sources */ = {
			isa = PBXSourcesBuildPhase;
			buildActionMask = 2147483647;
			files = (
				AC280A951F6D813800C15C2A /* LocationTrackingUITests.swift in Sources */,
			);
			runOnlyForDeploymentPostprocessing = 0;
		};
/* End PBXSourcesBuildPhase section */

/* Begin PBXTargetDependency section */
		AC280A871F6D813800C15C2A /* PBXTargetDependency */ = {
			isa = PBXTargetDependency;
			target = AC280A6D1F6D813700C15C2A /* LocationTracking */;
			targetProxy = AC280A861F6D813800C15C2A /* PBXContainerItemProxy */;
		};
		AC280A921F6D813800C15C2A /* PBXTargetDependency */ = {
			isa = PBXTargetDependency;
			target = AC280A6D1F6D813700C15C2A /* LocationTracking */;
			targetProxy = AC280A911F6D813800C15C2A /* PBXContainerItemProxy */;
		};
/* End PBXTargetDependency section */

/* Begin PBXVariantGroup section */
		AC280A751F6D813700C15C2A /* Main.storyboard */ = {
			isa = PBXVariantGroup;
			children = (
				AC280A761F6D813700C15C2A /* Base */,
			);
			name = Main.storyboard;
			sourceTree = "<group>";
		};
		AC280A7D1F6D813700C15C2A /* LaunchScreen.storyboard */ = {
			isa = PBXVariantGroup;
			children = (
				AC280A7E1F6D813700C15C2A /* Base */,
			);
			name = LaunchScreen.storyboard;
			sourceTree = "<group>";
		};
/* End PBXVariantGroup section */

/* Begin XCBuildConfiguration section */
		AC280A971F6D813800C15C2A /* Debug */ = {
			isa = XCBuildConfiguration;
			buildSettings = {
				ALWAYS_SEARCH_USER_PATHS = NO;
				CLANG_ANALYZER_NONNULL = YES;
				CLANG_ANALYZER_NUMBER_OBJECT_CONVERSION = YES_AGGRESSIVE;
				CLANG_CXX_LANGUAGE_STANDARD = "gnu++0x";
				CLANG_CXX_LIBRARY = "libc++";
				CLANG_ENABLE_MODULES = YES;
				CLANG_ENABLE_OBJC_ARC = YES;
				CLANG_WARN_BOOL_CONVERSION = YES;
				CLANG_WARN_CONSTANT_CONVERSION = YES;
				CLANG_WARN_DIRECT_OBJC_ISA_USAGE = YES_ERROR;
				CLANG_WARN_DOCUMENTATION_COMMENTS = YES;
				CLANG_WARN_EMPTY_BODY = YES;
				CLANG_WARN_ENUM_CONVERSION = YES;
				CLANG_WARN_INFINITE_RECURSION = YES;
				CLANG_WARN_INT_CONVERSION = YES;
				CLANG_WARN_OBJC_ROOT_CLASS = YES_ERROR;
				CLANG_WARN_SUSPICIOUS_MOVE = YES;
				CLANG_WARN_UNREACHABLE_CODE = YES;
				CLANG_WARN__DUPLICATE_METHOD_MATCH = YES;
				"CODE_SIGN_IDENTITY[sdk=iphoneos*]" = "iPhone Developer";
				COPY_PHASE_STRIP = NO;
				DEBUG_INFORMATION_FORMAT = dwarf;
				ENABLE_STRICT_OBJC_MSGSEND = YES;
				ENABLE_TESTABILITY = YES;
				GCC_C_LANGUAGE_STANDARD = gnu99;
				GCC_DYNAMIC_NO_PIC = NO;
				GCC_NO_COMMON_BLOCKS = YES;
				GCC_OPTIMIZATION_LEVEL = 0;
				GCC_PREPROCESSOR_DEFINITIONS = (
					"DEBUG=1",
					"$(inherited)",
				);
				GCC_WARN_64_TO_32_BIT_CONVERSION = YES;
				GCC_WARN_ABOUT_RETURN_TYPE = YES_ERROR;
				GCC_WARN_UNDECLARED_SELECTOR = YES;
				GCC_WARN_UNINITIALIZED_AUTOS = YES_AGGRESSIVE;
				GCC_WARN_UNUSED_FUNCTION = YES;
				GCC_WARN_UNUSED_VARIABLE = YES;
				IPHONEOS_DEPLOYMENT_TARGET = 10.3;
				MTL_ENABLE_DEBUG_INFO = YES;
				ONLY_ACTIVE_ARCH = YES;
				SDKROOT = iphoneos;
				SWIFT_ACTIVE_COMPILATION_CONDITIONS = DEBUG;
				SWIFT_OPTIMIZATION_LEVEL = "-Onone";
			};
			name = Debug;
		};
		AC280A981F6D813800C15C2A /* Release */ = {
			isa = XCBuildConfiguration;
			buildSettings = {
				ALWAYS_SEARCH_USER_PATHS = NO;
				CLANG_ANALYZER_NONNULL = YES;
				CLANG_ANALYZER_NUMBER_OBJECT_CONVERSION = YES_AGGRESSIVE;
				CLANG_CXX_LANGUAGE_STANDARD = "gnu++0x";
				CLANG_CXX_LIBRARY = "libc++";
				CLANG_ENABLE_MODULES = YES;
				CLANG_ENABLE_OBJC_ARC = YES;
				CLANG_WARN_BOOL_CONVERSION = YES;
				CLANG_WARN_CONSTANT_CONVERSION = YES;
				CLANG_WARN_DIRECT_OBJC_ISA_USAGE = YES_ERROR;
				CLANG_WARN_DOCUMENTATION_COMMENTS = YES;
				CLANG_WARN_EMPTY_BODY = YES;
				CLANG_WARN_ENUM_CONVERSION = YES;
				CLANG_WARN_INFINITE_RECURSION = YES;
				CLANG_WARN_INT_CONVERSION = YES;
				CLANG_WARN_OBJC_ROOT_CLASS = YES_ERROR;
				CLANG_WARN_SUSPICIOUS_MOVE = YES;
				CLANG_WARN_UNREACHABLE_CODE = YES;
				CLANG_WARN__DUPLICATE_METHOD_MATCH = YES;
				"CODE_SIGN_IDENTITY[sdk=iphoneos*]" = "iPhone Developer";
				COPY_PHASE_STRIP = NO;
				DEBUG_INFORMATION_FORMAT = "dwarf-with-dsym";
				ENABLE_NS_ASSERTIONS = NO;
				ENABLE_STRICT_OBJC_MSGSEND = YES;
				GCC_C_LANGUAGE_STANDARD = gnu99;
				GCC_NO_COMMON_BLOCKS = YES;
				GCC_WARN_64_TO_32_BIT_CONVERSION = YES;
				GCC_WARN_ABOUT_RETURN_TYPE = YES_ERROR;
				GCC_WARN_UNDECLARED_SELECTOR = YES;
				GCC_WARN_UNINITIALIZED_AUTOS = YES_AGGRESSIVE;
				GCC_WARN_UNUSED_FUNCTION = YES;
				GCC_WARN_UNUSED_VARIABLE = YES;
				IPHONEOS_DEPLOYMENT_TARGET = 10.3;
				MTL_ENABLE_DEBUG_INFO = NO;
				SDKROOT = iphoneos;
				SWIFT_OPTIMIZATION_LEVEL = "-Owholemodule";
				VALIDATE_PRODUCT = YES;
			};
			name = Release;
		};
		AC280A9A1F6D813800C15C2A /* Debug */ = {
			isa = XCBuildConfiguration;
			baseConfigurationReference = 161BDB1FD64AA7624096BDA1 /* Pods-LocationTracking.debug.xcconfig */;
			buildSettings = {
				ASSETCATALOG_COMPILER_APPICON_NAME = AppIcon;
				DEVELOPMENT_TEAM = 8C4V5Y6W3A;
				INFOPLIST_FILE = LocationTracking/Info.plist;
				LD_RUNPATH_SEARCH_PATHS = "$(inherited) @executable_path/Frameworks";
				PRODUCT_BUNDLE_IDENTIFIER = com.rowdur.LocationTracking;
				PRODUCT_NAME = "$(TARGET_NAME)";
				SWIFT_VERSION = 3.0;
			};
			name = Debug;
		};
		AC280A9B1F6D813800C15C2A /* Release */ = {
			isa = XCBuildConfiguration;
			baseConfigurationReference = FD304EA5A411E0806B4308DA /* Pods-LocationTracking.release.xcconfig */;
			buildSettings = {
				ASSETCATALOG_COMPILER_APPICON_NAME = AppIcon;
				DEVELOPMENT_TEAM = 8C4V5Y6W3A;
				INFOPLIST_FILE = LocationTracking/Info.plist;
				LD_RUNPATH_SEARCH_PATHS = "$(inherited) @executable_path/Frameworks";
				PRODUCT_BUNDLE_IDENTIFIER = com.rowdur.LocationTracking;
				PRODUCT_NAME = "$(TARGET_NAME)";
				SWIFT_VERSION = 3.0;
			};
			name = Release;
		};
		AC280A9D1F6D813800C15C2A /* Debug */ = {
			isa = XCBuildConfiguration;
			baseConfigurationReference = 87948219C353653027B5B635 /* Pods-LocationTrackingTests.debug.xcconfig */;
			buildSettings = {
				ALWAYS_EMBED_SWIFT_STANDARD_LIBRARIES = YES;
				BUNDLE_LOADER = "$(TEST_HOST)";
				DEVELOPMENT_TEAM = 8C4V5Y6W3A;
				INFOPLIST_FILE = LocationTrackingTests/Info.plist;
				LD_RUNPATH_SEARCH_PATHS = "$(inherited) @executable_path/Frameworks @loader_path/Frameworks";
				PRODUCT_BUNDLE_IDENTIFIER = com.rowdur.LocationTrackingTests;
				PRODUCT_NAME = "$(TARGET_NAME)";
				SWIFT_VERSION = 3.0;
				TEST_HOST = "$(BUILT_PRODUCTS_DIR)/LocationTracking.app/LocationTracking";
			};
			name = Debug;
		};
		AC280A9E1F6D813800C15C2A /* Release */ = {
			isa = XCBuildConfiguration;
			baseConfigurationReference = 3820E9DC64D186DAA7428282 /* Pods-LocationTrackingTests.release.xcconfig */;
			buildSettings = {
				ALWAYS_EMBED_SWIFT_STANDARD_LIBRARIES = YES;
				BUNDLE_LOADER = "$(TEST_HOST)";
				DEVELOPMENT_TEAM = 8C4V5Y6W3A;
				INFOPLIST_FILE = LocationTrackingTests/Info.plist;
				LD_RUNPATH_SEARCH_PATHS = "$(inherited) @executable_path/Frameworks @loader_path/Frameworks";
				PRODUCT_BUNDLE_IDENTIFIER = com.rowdur.LocationTrackingTests;
				PRODUCT_NAME = "$(TARGET_NAME)";
				SWIFT_VERSION = 3.0;
				TEST_HOST = "$(BUILT_PRODUCTS_DIR)/LocationTracking.app/LocationTracking";
			};
			name = Release;
		};
		AC280AA01F6D813800C15C2A /* Debug */ = {
			isa = XCBuildConfiguration;
			baseConfigurationReference = D9C42D75B8F3292BC7E85C2B /* Pods-LocationTrackingUITests.debug.xcconfig */;
			buildSettings = {
				ALWAYS_EMBED_SWIFT_STANDARD_LIBRARIES = YES;
				DEVELOPMENT_TEAM = 8C4V5Y6W3A;
				INFOPLIST_FILE = LocationTrackingUITests/Info.plist;
				LD_RUNPATH_SEARCH_PATHS = "$(inherited) @executable_path/Frameworks @loader_path/Frameworks";
				PRODUCT_BUNDLE_IDENTIFIER = com.rowdur.LocationTrackingUITests;
				PRODUCT_NAME = "$(TARGET_NAME)";
				SWIFT_VERSION = 3.0;
				TEST_TARGET_NAME = LocationTracking;
			};
			name = Debug;
		};
		AC280AA11F6D813800C15C2A /* Release */ = {
			isa = XCBuildConfiguration;
			baseConfigurationReference = 648040F6759DB7A500C3CA6F /* Pods-LocationTrackingUITests.release.xcconfig */;
			buildSettings = {
				ALWAYS_EMBED_SWIFT_STANDARD_LIBRARIES = YES;
				DEVELOPMENT_TEAM = 8C4V5Y6W3A;
				INFOPLIST_FILE = LocationTrackingUITests/Info.plist;
				LD_RUNPATH_SEARCH_PATHS = "$(inherited) @executable_path/Frameworks @loader_path/Frameworks";
				PRODUCT_BUNDLE_IDENTIFIER = com.rowdur.LocationTrackingUITests;
				PRODUCT_NAME = "$(TARGET_NAME)";
				SWIFT_VERSION = 3.0;
				TEST_TARGET_NAME = LocationTracking;
			};
			name = Release;
		};
/* End XCBuildConfiguration section */

/* Begin XCConfigurationList section */
		AC280A691F6D813700C15C2A /* Build configuration list for PBXProject "LocationTracking" */ = {
			isa = XCConfigurationList;
			buildConfigurations = (
				AC280A971F6D813800C15C2A /* Debug */,
				AC280A981F6D813800C15C2A /* Release */,
			);
			defaultConfigurationIsVisible = 0;
			defaultConfigurationName = Release;
		};
		AC280A991F6D813800C15C2A /* Build configuration list for PBXNativeTarget "LocationTracking" */ = {
			isa = XCConfigurationList;
			buildConfigurations = (
				AC280A9A1F6D813800C15C2A /* Debug */,
				AC280A9B1F6D813800C15C2A /* Release */,
			);
			defaultConfigurationIsVisible = 0;
		};
		AC280A9C1F6D813800C15C2A /* Build configuration list for PBXNativeTarget "LocationTrackingTests" */ = {
			isa = XCConfigurationList;
			buildConfigurations = (
				AC280A9D1F6D813800C15C2A /* Debug */,
				AC280A9E1F6D813800C15C2A /* Release */,
			);
			defaultConfigurationIsVisible = 0;
		};
		AC280A9F1F6D813800C15C2A /* Build configuration list for PBXNativeTarget "LocationTrackingUITests" */ = {
			isa = XCConfigurationList;
			buildConfigurations = (
				AC280AA01F6D813800C15C2A /* Debug */,
				AC280AA11F6D813800C15C2A /* Release */,
			);
			defaultConfigurationIsVisible = 0;
		};
/* End XCConfigurationList section */

/* Begin XCVersionGroup section */
		AC280A781F6D813700C15C2A /* LocationTracking.xcdatamodeld */ = {
			isa = XCVersionGroup;
			children = (
				AC280A791F6D813700C15C2A /* LocationTracking.xcdatamodel */,
			);
			currentVersion = AC280A791F6D813700C15C2A /* LocationTracking.xcdatamodel */;
			path = LocationTracking.xcdatamodeld;
			sourceTree = "<group>";
			versionGroupType = wrapper.xcdatamodel;
		};
/* End XCVersionGroup section */
	};
	rootObject = AC280A661F6D813700C15C2A /* Project object */;
}
